
Microsoft Visual Studio Solution File, Format Version 12.00
# Visual Studio Version 17
VisualStudioVersion = 17.4.33122.133
MinimumVisualStudioVersion = 10.0.40219.1
Project("{8BC9CEB8-8B4A-11D0-8D11-00A0C91BC942}") = "main", "main\main.vcxproj", "{97CB3663-743B-4472-AF24-5DC28A9A8A2E}"
EndProject
Project("{8BC9CEB8-8B4A-11D0-8D11-00A0C91BC942}") = "car_tests", "car_tests\car_tests.vcxproj", "{8A9F5DBF-40B0-4053-8F4C-DF6A9BF131B0}"
EndProject
Global
	GlobalSection(SolutionConfigurationPlatforms) = preSolution
		Debug|x64 = Debug|x64
		Debug|x86 = Debug|x86
		Release|x64 = Release|x64
		Release|x86 = Release|x86
	EndGlobalSection
	GlobalSection(ProjectConfigurationPlatforms) = postSolution
		{97CB3663-743B-4472-AF24-5DC28A9A8A2E}.Debug|x64.ActiveCfg = Debug|x64
		{97CB3663-743B-4472-AF24-5DC28A9A8A2E}.Debug|x64.Build.0 = Debug|x64
		{97CB3663-743B-4472-AF24-5DC28A9A8A2E}.Debug|x86.ActiveCfg = Debug|Win32
		{97CB3663-743B-4472-AF24-5DC28A9A8A2E}.Debug|x86.Build.0 = Debug|Win32
		{97CB3663-743B-4472-AF24-5DC28A9A8A2E}.Release|x64.ActiveCfg = Release|x64
		{97CB3663-743B-4472-AF24-5DC28A9A8A2E}.Release|x64.Build.0 = Release|x64
		{97CB3663-743B-4472-AF24-5DC28A9A8A2E}.Release|x86.ActiveCfg = Release|Win32
		{97CB3663-743B-4472-AF24-5DC28A9A8A2E}.Release|x86.Build.0 = Release|Win32
		{8A9F5DBF-40B0-4053-8F4C-DF6A9BF131B0}.Debug|x64.ActiveCfg = Debug|x64
		{8A9F5DBF-40B0-4053-8F4C-DF6A9BF131B0}.Debug|x64.Build.0 = Debug|x64
		{8A9F5DBF-40B0-4053-8F4C-DF6A9BF131B0}.Debug|x86.ActiveCfg = Debug|Win32
		{8A9F5DBF-40B0-4053-8F4C-DF6A9BF131B0}.Debug|x86.Build.0 = Debug|Win32
		{8A9F5DBF-40B0-4053-8F4C-DF6A9BF131B0}.Release|x64.ActiveCfg = Release|x64
		{8A9F5DBF-40B0-4053-8F4C-DF6A9BF131B0}.Release|x64.Build.0 = Release|x64
		{8A9F5DBF-40B0-4053-8F4C-DF6A9BF131B0}.Release|x86.ActiveCfg = Release|Win32
		{8A9F5DBF-40B0-4053-8F4C-DF6A9BF131B0}.Release|x86.Build.0 = Release|Win32
	EndGlobalSection
	GlobalSection(SolutionProperties) = preSolution
		HideSolutionNode = FALSE
	EndGlobalSection
	GlobalSection(ExtensibilityGlobals) = postSolution
		SolutionGuid = {6B89CF74-4012-484E-A82D-FDA1F43CB2E9}
	EndGlobalSection
EndGlobal
