
Microsoft Visual Studio Solution File, Format Version 12.00
# Visual Studio Version 17
VisualStudioVersion = 17.4.33122.133
MinimumVisualStudioVersion = 10.0.40219.1
Project("{8BC9CEB8-8B4A-11D0-8D11-00A0C91BC942}") = "main", "main\main.vcxproj", "{2E1E3DEB-66A3-4232-9953-252454FF8336}"
EndProject
Project("{8BC9CEB8-8B4A-11D0-8D11-00A0C91BC942}") = "stringStack_tests", "stringStack_tests\stringStack_tests.vcxproj", "{069F0262-0DE3-4B28-A643-C2872AEDE2CA}"
EndProject
Global
	GlobalSection(SolutionConfigurationPlatforms) = preSolution
		Debug|x64 = Debug|x64
		Debug|x86 = Debug|x86
		Release|x64 = Release|x64
		Release|x86 = Release|x86
	EndGlobalSection
	GlobalSection(ProjectConfigurationPlatforms) = postSolution
		{2E1E3DEB-66A3-4232-9953-252454FF8336}.Debug|x64.ActiveCfg = Debug|x64
		{2E1E3DEB-66A3-4232-9953-252454FF8336}.Debug|x64.Build.0 = Debug|x64
		{2E1E3DEB-66A3-4232-9953-252454FF8336}.Debug|x86.ActiveCfg = Debug|Win32
		{2E1E3DEB-66A3-4232-9953-252454FF8336}.Debug|x86.Build.0 = Debug|Win32
		{2E1E3DEB-66A3-4232-9953-252454FF8336}.Release|x64.ActiveCfg = Release|x64
		{2E1E3DEB-66A3-4232-9953-252454FF8336}.Release|x64.Build.0 = Release|x64
		{2E1E3DEB-66A3-4232-9953-252454FF8336}.Release|x86.ActiveCfg = Release|Win32
		{2E1E3DEB-66A3-4232-9953-252454FF8336}.Release|x86.Build.0 = Release|Win32
		{069F0262-0DE3-4B28-A643-C2872AEDE2CA}.Debug|x64.ActiveCfg = Debug|x64
		{069F0262-0DE3-4B28-A643-C2872AEDE2CA}.Debug|x64.Build.0 = Debug|x64
		{069F0262-0DE3-4B28-A643-C2872AEDE2CA}.Debug|x86.ActiveCfg = Debug|Win32
		{069F0262-0DE3-4B28-A643-C2872AEDE2CA}.Debug|x86.Build.0 = Debug|Win32
		{069F0262-0DE3-4B28-A643-C2872AEDE2CA}.Release|x64.ActiveCfg = Release|x64
		{069F0262-0DE3-4B28-A643-C2872AEDE2CA}.Release|x64.Build.0 = Release|x64
		{069F0262-0DE3-4B28-A643-C2872AEDE2CA}.Release|x86.ActiveCfg = Release|Win32
		{069F0262-0DE3-4B28-A643-C2872AEDE2CA}.Release|x86.Build.0 = Release|Win32
	EndGlobalSection
	GlobalSection(SolutionProperties) = preSolution
		HideSolutionNode = FALSE
	EndGlobalSection
	GlobalSection(ExtensibilityGlobals) = postSolution
		SolutionGuid = {352120DB-1C73-4E18-8AE0-F86A1C6B8CF1}
	EndGlobalSection
EndGlobal
